
Microsoft Visual Studio Solution File, Format Version 12.00
# Visual Studio Version 17
VisualStudioVersion = 17.0.31903.59
MinimumVisualStudioVersion = 10.0.40219.1
Project("{9A19103F-16F7-4668-BE54-9A1E7A4F7556}") = "WebApi", "WebApi\WebApi.csproj", "{99C00AEB-82A5-4785-89B4-2F127D9DBF38}"
EndProject
Project("{9A19103F-16F7-4668-BE54-9A1E7A4F7556}") = "Entities", "Entities\Entities.csproj", "{91C3D139-1F61-407F-8497-DE10D3EB4B6D}"
EndProject
Project("{9A19103F-16F7-4668-BE54-9A1E7A4F7556}") = "Repositories", "Repositories\Repositories.csproj", "{AB2F2D37-CA96-4FAD-A21B-940AF6E26431}"
EndProject
Global
	GlobalSection(SolutionConfigurationPlatforms) = preSolution
		Debug|Any CPU = Debug|Any CPU
		Release|Any CPU = Release|Any CPU
	EndGlobalSection
	GlobalSection(ProjectConfigurationPlatforms) = postSolution
		{99C00AEB-82A5-4785-89B4-2F127D9DBF38}.Debug|Any CPU.ActiveCfg = Debug|Any CPU
		{99C00AEB-82A5-4785-89B4-2F127D9DBF38}.Debug|Any CPU.Build.0 = Debug|Any CPU
		{99C00AEB-82A5-4785-89B4-2F127D9DBF38}.Release|Any CPU.ActiveCfg = Release|Any CPU
		{99C00AEB-82A5-4785-89B4-2F127D9DBF38}.Release|Any CPU.Build.0 = Release|Any CPU
		{91C3D139-1F61-407F-8497-DE10D3EB4B6D}.Debug|Any CPU.ActiveCfg = Debug|Any CPU
		{91C3D139-1F61-407F-8497-DE10D3EB4B6D}.Debug|Any CPU.Build.0 = Debug|Any CPU
		{91C3D139-1F61-407F-8497-DE10D3EB4B6D}.Release|Any CPU.ActiveCfg = Release|Any CPU
		{91C3D139-1F61-407F-8497-DE10D3EB4B6D}.Release|Any CPU.Build.0 = Release|Any CPU
		{AB2F2D37-CA96-4FAD-A21B-940AF6E26431}.Debug|Any CPU.ActiveCfg = Debug|Any CPU
		{AB2F2D37-CA96-4FAD-A21B-940AF6E26431}.Debug|Any CPU.Build.0 = Debug|Any CPU
		{AB2F2D37-CA96-4FAD-A21B-940AF6E26431}.Release|Any CPU.ActiveCfg = Release|Any CPU
		{AB2F2D37-CA96-4FAD-A21B-940AF6E26431}.Release|Any CPU.Build.0 = Release|Any CPU
	EndGlobalSection
	GlobalSection(SolutionProperties) = preSolution
		HideSolutionNode = FALSE
	EndGlobalSection
	GlobalSection(ExtensibilityGlobals) = postSolution
		SolutionGuid = {1F679D4F-9ED3-4167-AC9E-7260E80EF7D7}
	EndGlobalSection
EndGlobal
